
Microsoft Visual Studio Solution File, Format Version 12.00
# Visual Studio Version 16
VisualStudioVersion = 16.0.31729.503
MinimumVisualStudioVersion = 10.0.40219.1
Project("{FAE04EC0-301F-11D3-BF4B-00C04F79EFBC}") = "CCQ-Portal", "CCQ-Portal\CCQ-Portal.csproj", "{2BD02E39-1609-4CC7-92FE-BD8EC463AA7C}"
EndProject
Project("{FAE04EC0-301F-11D3-BF4B-00C04F79EFBC}") = "CCQDTO", "CCQDTO\CCQDTO.csproj", "{EFC76F56-9FEE-448F-86C1-1B8976BC8321}"
EndProject
Project("{FAE04EC0-301F-11D3-BF4B-00C04F79EFBC}") = "CCQ-Comman", "CCQ-Comman\CCQ-Comman.csproj", "{41046838-E0AF-4DC6-B32A-41BEAA79E2AE}"
EndProject
Project("{FAE04EC0-301F-11D3-BF4B-00C04F79EFBC}") = "CCQ-Etqan", "CCQ-Etqan\CCQ-Etqan.csproj", "{AA0FEB67-C7EB-4E8C-9E8A-755D2CEDA7F7}"
EndProject
Global
	GlobalSection(SolutionConfigurationPlatforms) = preSolution
		Debug|Any CPU = Debug|Any CPU
		Release|Any CPU = Release|Any CPU
	EndGlobalSection
	GlobalSection(ProjectConfigurationPlatforms) = postSolution
		{2BD02E39-1609-4CC7-92FE-BD8EC463AA7C}.Debug|Any CPU.ActiveCfg = Debug|Any CPU
		{2BD02E39-1609-4CC7-92FE-BD8EC463AA7C}.Debug|Any CPU.Build.0 = Debug|Any CPU
		{2BD02E39-1609-4CC7-92FE-BD8EC463AA7C}.Debug|Any CPU.Deploy.0 = Debug|Any CPU
		{2BD02E39-1609-4CC7-92FE-BD8EC463AA7C}.Release|Any CPU.ActiveCfg = Release|Any CPU
		{2BD02E39-1609-4CC7-92FE-BD8EC463AA7C}.Release|Any CPU.Build.0 = Release|Any CPU
		{2BD02E39-1609-4CC7-92FE-BD8EC463AA7C}.Release|Any CPU.Deploy.0 = Release|Any CPU
		{EFC76F56-9FEE-448F-86C1-1B8976BC8321}.Debug|Any CPU.ActiveCfg = Debug|Any CPU
		{EFC76F56-9FEE-448F-86C1-1B8976BC8321}.Debug|Any CPU.Build.0 = Debug|Any CPU
		{EFC76F56-9FEE-448F-86C1-1B8976BC8321}.Release|Any CPU.ActiveCfg = Release|Any CPU
		{EFC76F56-9FEE-448F-86C1-1B8976BC8321}.Release|Any CPU.Build.0 = Release|Any CPU
		{41046838-E0AF-4DC6-B32A-41BEAA79E2AE}.Debug|Any CPU.ActiveCfg = Debug|Any CPU
		{41046838-E0AF-4DC6-B32A-41BEAA79E2AE}.Debug|Any CPU.Build.0 = Debug|Any CPU
		{41046838-E0AF-4DC6-B32A-41BEAA79E2AE}.Release|Any CPU.ActiveCfg = Release|Any CPU
		{41046838-E0AF-4DC6-B32A-41BEAA79E2AE}.Release|Any CPU.Build.0 = Release|Any CPU
		{AA0FEB67-C7EB-4E8C-9E8A-755D2CEDA7F7}.Debug|Any CPU.ActiveCfg = Debug|Any CPU
		{AA0FEB67-C7EB-4E8C-9E8A-755D2CEDA7F7}.Debug|Any CPU.Build.0 = Debug|Any CPU
		{AA0FEB67-C7EB-4E8C-9E8A-755D2CEDA7F7}.Debug|Any CPU.Deploy.0 = Debug|Any CPU
		{AA0FEB67-C7EB-4E8C-9E8A-755D2CEDA7F7}.Release|Any CPU.ActiveCfg = Release|Any CPU
		{AA0FEB67-C7EB-4E8C-9E8A-755D2CEDA7F7}.Release|Any CPU.Build.0 = Release|Any CPU
		{AA0FEB67-C7EB-4E8C-9E8A-755D2CEDA7F7}.Release|Any CPU.Deploy.0 = Release|Any CPU
	EndGlobalSection
	GlobalSection(SolutionProperties) = preSolution
		HideSolutionNode = FALSE
	EndGlobalSection
	GlobalSection(ExtensibilityGlobals) = postSolution
		SolutionGuid = {8F75B013-C429-41BD-9E19-A5BA366B0939}
	EndGlobalSection
EndGlobal
